{
  "version": 4,
  "terraform_version": "1.10.5",
  "serial": 3,
  "lineage": "6825de77-1633-a01f-761a-a8be2b3bfa68",
  "outputs": {},
  "resources": [
    {
      "mode": "managed",
      "type": "local_file",
      "name": "file",
      "provider": "provider[\"registry.terraform.io/hashicorp/local\"]",
      "instances": [
        {
          "index_key": "Machine 01",
          "schema_version": 0,
          "attributes": {
            "content": "This is file Machine 01 content}",
            "content_base64": null,
            "content_base64sha256": "3zWUFG4tWXMrfvRZZSjCCiZHRR6RTxcnity3FSAFIOo=",
            "content_base64sha512": "TJNo1mXgx2EIDdQEKzj3FdqyCeI3m88yBll34LI/sQq+Y7kYeoxtDvY1jjXGFYVX3sNURh/v8910ixyid8PSSA==",
            "content_md5": "90fad8916e34b6db2f4a52abb68646a8",
            "content_sha1": "b6a5c44d010367b59d0c1e1669e7895a54914586",
            "content_sha256": "df3594146e2d59732b7ef4596528c20a2647451e914f17278adcb715200520ea",
            "content_sha512": "4c9368d665e0c761080dd4042b38f715dab209e2379bcf32065977e0b23fb10abe63b9187a8c6d0ef6358e35c6158557dec354461feff3dd748b1ca277c3d248",
            "directory_permission": "0777",
            "file_permission": "0777",
            "filename": "./arquivo-Machine 01.txt",
            "id": "b6a5c44d010367b59d0c1e1669e7895a54914586",
            "sensitive_content": null,
            "source": null
          },
          "sensitive_attributes": [
            [
              {
                "type": "get_attr",
                "value": "sensitive_content"
              }
            ]
          ]
        },
        {
          "index_key": "Machine 02",
          "schema_version": 0,
          "attributes": {
            "content": "This is file Machine 02 content}",
            "content_base64": null,
            "content_base64sha256": "T91YHJpq+nNnkJPqxde5YVO1L0PLsOF7iHZgz2yWaSQ=",
            "content_base64sha512": "ESUyQKDbvT7Eq4dlxmb4ldM0uhMkWrWaLjGcGHR2X6phOjcwXXGG+YrVQ82mz9TkJmfUdLKxa7oLU+Exxe+pvQ==",
            "content_md5": "d2541e753dcac70fd909515ea3929204",
            "content_sha1": "7a44a9cff83cc868c9eb6ec44fa2a98fc173d575",
            "content_sha256": "4fdd581c9a6afa73679093eac5d7b96153b52f43cbb0e17b887660cf6c966924",
            "content_sha512": "11253240a0dbbd3ec4ab8765c666f895d334ba13245ab59a2e319c1874765faa613a37305d7186f98ad543cda6cfd4e42667d474b2b16bba0b53e131c5efa9bd",
            "directory_permission": "0777",
            "file_permission": "0777",
            "filename": "./arquivo-Machine 02.txt",
            "id": "7a44a9cff83cc868c9eb6ec44fa2a98fc173d575",
            "sensitive_content": null,
            "source": null
          },
          "sensitive_attributes": [
            [
              {
                "type": "get_attr",
                "value": "sensitive_content"
              }
            ]
          ]
        },
        {
          "index_key": "Machine 03",
          "schema_version": 0,
          "attributes": {
            "content": "This is file Machine 03 content}",
            "content_base64": null,
            "content_base64sha256": "mDS25vZH1ZvT3CXNaI7qXPtf2eWbB2nphmdQ8sazVqs=",
            "content_base64sha512": "7s8mXEEmAdLTZvovQU+FB/ha9SoObfAv/ljvBhuQO9J4a/Ua+tH9nMfoRhsqpVF0VFWuGNddAF8Cwy4TUZI8IA==",
            "content_md5": "01d76a01a2edf68a6452146dad680f21",
            "content_sha1": "5648559aad74a6d41b05d78b3a1f36ad592272af",
            "content_sha256": "9834b6e6f647d59bd3dc25cd688eea5cfb5fd9e59b0769e9866750f2c6b356ab",
            "content_sha512": "eecf265c412601d2d366fa2f414f8507f85af52a0e6df02ffe58ef061b903bd2786bf51afad1fd9cc7e8461b2aa551745455ae18d75d005f02c32e1351923c20",
            "directory_permission": "0777",
            "file_permission": "0777",
            "filename": "./arquivo-Machine 03.txt",
            "id": "5648559aad74a6d41b05d78b3a1f36ad592272af",
            "sensitive_content": null,
            "source": null
          },
          "sensitive_attributes": [
            [
              {
                "type": "get_attr",
                "value": "sensitive_content"
              }
            ]
          ]
        }
      ]
    }
  ],
  "check_results": null
}
