{
  "version": 4,
  "terraform_version": "1.10.5",
  "serial": 56,
  "lineage": "ba21c886-7293-bf20-1678-d2429a96c189",
  "outputs": {
    "droplet_ip": {
      "value": [
        "147.182.135.187",
        "165.22.15.2",
        "137.184.155.47"
      ],
      "type": [
        "tuple",
        [
          "string",
          "string",
          "string"
        ]
      ]
    }
  },
  "resources": [
    {
      "mode": "data",
      "type": "digitalocean_ssh_key",
      "name": "ssh_key",
      "provider": "provider[\"registry.terraform.io/digitalocean/digitalocean\"]",
      "instances": [
        {
          "schema_version": 0,
          "attributes": {
            "fingerprint": "8c:61:6c:ac:77:18:d7:ed:07:7a:7d:e4:f5:5d:2e:3c",
            "id": 45633048,
            "name": "terraform-aula",
            "public_key": "ssh-rsa AAAAB3NzaC1yc2EAAAADAQABAAABAQDl1wLMPPO9bF37qUugEp5DWmkRKW0fUv+sEg/ra0S/FCx76TL59HmpBoBwMsdOzshYwlhVLtCkHaDrt2A42kG4ArV6pScGceI34Q9Yqa2qIKYdrLJkNYkudJuc/b+j81mMLjWDsEtdTGy5T6dKukJO+kJLOwNG3K6d65YMYizyFoyTfSurN+7xmPohYPl1DYtG48QMBNB2gpToEl8e8BnLih6MNxrws5xtTw0Jy43w/T0Dt83ue1ORZrYzEubfloLTu49GSrL21JeeyMyZWScH+JqPJUjfkxvxRjBK4+e3diykeOfgETGPPVcd7H0p+U7C60wK/HnBoiaHi0w4NMjN"
          },
          "sensitive_attributes": []
        }
      ]
    },
    {
      "mode": "managed",
      "type": "digitalocean_droplet",
      "name": "vm_aula",
      "provider": "provider[\"registry.terraform.io/digitalocean/digitalocean\"]",
      "instances": [
        {
          "index_key": 0,
          "schema_version": 1,
          "attributes": {
            "backup_policy": [],
            "backups": false,
            "created_at": "2025-02-20T10:36:56Z",
            "disk": 50,
            "droplet_agent": null,
            "graceful_shutdown": false,
            "id": "478098958",
            "image": "ubuntu-22-04-x64",
            "ipv4_address": "147.182.135.187",
            "ipv4_address_private": "10.116.0.2",
            "ipv6": false,
            "ipv6_address": "",
            "locked": false,
            "memory": 2048,
            "monitoring": false,
            "name": "vm-modulo-terraform-0",
            "price_hourly": 0.01786,
            "price_monthly": 12,
            "private_networking": true,
            "region": "nyc1",
            "resize_disk": true,
            "size": "s-1vcpu-2gb",
            "ssh_keys": [
              "45633048"
            ],
            "status": "active",
            "tags": [],
            "timeouts": null,
            "urn": "do:droplet:478098958",
            "user_data": null,
            "vcpus": 1,
            "volume_ids": [],
            "vpc_uuid": "a78d9519-a5e3-44a2-8530-bc3540e9edda"
          },
          "sensitive_attributes": [],
          "private": "eyJlMmJmYjczMC1lY2FhLTExZTYtOGY4OC0zNDM2M2JjN2M0YzAiOnsiY3JlYXRlIjozNjAwMDAwMDAwMDAwLCJkZWxldGUiOjYwMDAwMDAwMDAwLCJ1cGRhdGUiOjM2MDAwMDAwMDAwMDB9LCJzY2hlbWFfdmVyc2lvbiI6IjEifQ==",
          "dependencies": [
            "data.digitalocean_ssh_key.ssh_key"
          ]
        },
        {
          "index_key": 1,
          "schema_version": 1,
          "attributes": {
            "backup_policy": [],
            "backups": false,
            "created_at": "2025-02-20T11:10:57Z",
            "disk": 50,
            "droplet_agent": null,
            "graceful_shutdown": false,
            "id": "478106532",
            "image": "ubuntu-22-04-x64",
            "ipv4_address": "165.22.15.2",
            "ipv4_address_private": "10.116.0.3",
            "ipv6": false,
            "ipv6_address": "",
            "locked": false,
            "memory": 2048,
            "monitoring": false,
            "name": "vm-modulo-terraform-1",
            "price_hourly": 0.01786,
            "price_monthly": 12,
            "private_networking": true,
            "region": "nyc1",
            "resize_disk": true,
            "size": "s-1vcpu-2gb",
            "ssh_keys": [
              "45633048"
            ],
            "status": "active",
            "tags": null,
            "timeouts": null,
            "urn": "do:droplet:478106532",
            "user_data": null,
            "vcpus": 1,
            "volume_ids": [],
            "vpc_uuid": "a78d9519-a5e3-44a2-8530-bc3540e9edda"
          },
          "sensitive_attributes": [],
          "private": "eyJlMmJmYjczMC1lY2FhLTExZTYtOGY4OC0zNDM2M2JjN2M0YzAiOnsiY3JlYXRlIjozNjAwMDAwMDAwMDAwLCJkZWxldGUiOjYwMDAwMDAwMDAwLCJ1cGRhdGUiOjM2MDAwMDAwMDAwMDB9LCJzY2hlbWFfdmVyc2lvbiI6IjEifQ==",
          "dependencies": [
            "data.digitalocean_ssh_key.ssh_key"
          ]
        },
        {
          "index_key": 2,
          "schema_version": 1,
          "attributes": {
            "backup_policy": [],
            "backups": false,
            "created_at": "2025-02-20T11:10:57Z",
            "disk": 50,
            "droplet_agent": null,
            "graceful_shutdown": false,
            "id": "478106537",
            "image": "ubuntu-22-04-x64",
            "ipv4_address": "137.184.155.47",
            "ipv4_address_private": "10.116.0.4",
            "ipv6": false,
            "ipv6_address": "",
            "locked": false,
            "memory": 2048,
            "monitoring": false,
            "name": "vm-modulo-terraform-2",
            "price_hourly": 0.01786,
            "price_monthly": 12,
            "private_networking": true,
            "region": "nyc1",
            "resize_disk": true,
            "size": "s-1vcpu-2gb",
            "ssh_keys": [
              "45633048"
            ],
            "status": "active",
            "tags": null,
            "timeouts": null,
            "urn": "do:droplet:478106537",
            "user_data": null,
            "vcpus": 1,
            "volume_ids": [],
            "vpc_uuid": "a78d9519-a5e3-44a2-8530-bc3540e9edda"
          },
          "sensitive_attributes": [],
          "private": "eyJlMmJmYjczMC1lY2FhLTExZTYtOGY4OC0zNDM2M2JjN2M0YzAiOnsiY3JlYXRlIjozNjAwMDAwMDAwMDAwLCJkZWxldGUiOjYwMDAwMDAwMDAwLCJ1cGRhdGUiOjM2MDAwMDAwMDAwMDB9LCJzY2hlbWFfdmVyc2lvbiI6IjEifQ==",
          "dependencies": [
            "data.digitalocean_ssh_key.ssh_key"
          ]
        }
      ]
    },
    {
      "mode": "managed",
      "type": "digitalocean_firewall",
      "name": "firewall_aula",
      "provider": "provider[\"registry.terraform.io/digitalocean/digitalocean\"]",
      "instances": [
        {
          "schema_version": 0,
          "attributes": {
            "created_at": "2025-02-20T10:37:27Z",
            "droplet_ids": [
              478098958,
              478106532,
              478106537
            ],
            "id": "78b4743d-a7dc-4c06-a74c-450d3b272842",
            "inbound_rule": [
              {
                "port_range": "22",
                "protocol": "tcp",
                "source_addresses": [
                  "0.0.0.0/0",
                  "::/0"
                ],
                "source_droplet_ids": [],
                "source_kubernetes_ids": [],
                "source_load_balancer_uids": [],
                "source_tags": []
              },
              {
                "port_range": "443",
                "protocol": "tcp",
                "source_addresses": [
                  "0.0.0.0/0",
                  "::/0"
                ],
                "source_droplet_ids": [],
                "source_kubernetes_ids": [],
                "source_load_balancer_uids": [],
                "source_tags": []
              },
              {
                "port_range": "53",
                "protocol": "tcp",
                "source_addresses": [
                  "0.0.0.0/0",
                  "::/0"
                ],
                "source_droplet_ids": [],
                "source_kubernetes_ids": [],
                "source_load_balancer_uids": [],
                "source_tags": []
              },
              {
                "port_range": "80",
                "protocol": "tcp",
                "source_addresses": [
                  "0.0.0.0/0",
                  "::/0"
                ],
                "source_droplet_ids": [],
                "source_kubernetes_ids": [],
                "source_load_balancer_uids": [],
                "source_tags": []
              }
            ],
            "name": "firewall-aula",
            "outbound_rule": [
              {
                "destination_addresses": [
                  "0.0.0.0/0",
                  "::/0"
                ],
                "destination_droplet_ids": [],
                "destination_kubernetes_ids": [],
                "destination_load_balancer_uids": [],
                "destination_tags": [],
                "port_range": "22",
                "protocol": "tcp"
              },
              {
                "destination_addresses": [
                  "0.0.0.0/0",
                  "::/0"
                ],
                "destination_droplet_ids": [],
                "destination_kubernetes_ids": [],
                "destination_load_balancer_uids": [],
                "destination_tags": [],
                "port_range": "443",
                "protocol": "tcp"
              },
              {
                "destination_addresses": [
                  "0.0.0.0/0",
                  "::/0"
                ],
                "destination_droplet_ids": [],
                "destination_kubernetes_ids": [],
                "destination_load_balancer_uids": [],
                "destination_tags": [],
                "port_range": "53",
                "protocol": "tcp"
              },
              {
                "destination_addresses": [
                  "0.0.0.0/0",
                  "::/0"
                ],
                "destination_droplet_ids": [],
                "destination_kubernetes_ids": [],
                "destination_load_balancer_uids": [],
                "destination_tags": [],
                "port_range": "80",
                "protocol": "tcp"
              }
            ],
            "pending_changes": [
              {
                "droplet_id": 478106532,
                "removing": false,
                "status": "waiting"
              },
              {
                "droplet_id": 478106537,
                "removing": false,
                "status": "waiting"
              }
            ],
            "status": "waiting",
            "tags": []
          },
          "sensitive_attributes": [],
          "private": "bnVsbA==",
          "dependencies": [
            "data.digitalocean_ssh_key.ssh_key",
            "digitalocean_droplet.vm_aula"
          ]
        }
      ]
    }
  ],
  "check_results": null
}
