{
  "version": 4,
  "terraform_version": "1.10.5",
  "serial": 11,
  "lineage": "976f611b-af31-2b6f-42bd-b2d3aaf2fe74",
  "outputs": {},
  "resources": [
    {
      "mode": "managed",
      "type": "local_file",
      "name": "file",
      "provider": "provider[\"registry.terraform.io/hashicorp/local\"]",
      "instances": [
        {
          "index_key": 0,
          "schema_version": 0,
          "attributes": {
            "content": "This is file 0 content}",
            "content_base64": null,
            "content_base64sha256": "ZJ1fuhHER0BAxm+ZkaOv/OCOFhXyx6MxwJLCHv/UtZk=",
            "content_base64sha512": "xJUtlMCSub258PVhyuJW/yO5G5ycbaKh9hZYG5n5lAy4qP3F3yv0L81fGxQXiZia/4zEY71l6bZGL5svKni0Sg==",
            "content_md5": "15519d31b10a5f0cd6b4824f112798b4",
            "content_sha1": "b6d120d382f2d9cf09c31b185ea2138abef2af6e",
            "content_sha256": "649d5fba11c4474040c66f9991a3affce08e1615f2c7a331c092c21effd4b599",
            "content_sha512": "c4952d94c092b9bdb9f0f561cae256ff23b91b9c9c6da2a1f616581b99f9940cb8a8fdc5df2bf42fcd5f1b141789989aff8cc463bd65e9b6462f9b2f2a78b44a",
            "directory_permission": "0777",
            "file_permission": "0777",
            "filename": "./arquivo-0.txt",
            "id": "b6d120d382f2d9cf09c31b185ea2138abef2af6e",
            "sensitive_content": null,
            "source": null
          },
          "sensitive_attributes": [
            [
              {
                "type": "get_attr",
                "value": "sensitive_content"
              }
            ]
          ]
        },
        {
          "index_key": 1,
          "schema_version": 0,
          "attributes": {
            "content": "This is file 1 content}",
            "content_base64": null,
            "content_base64sha256": "Zxhk50DGRaNLfdcOherzVXU3X75Bc57ktibra6roLDw=",
            "content_base64sha512": "wgYyuDJ+ZF7OXvJg7GIz8/zXap6URcjlKT1iAn2xUlrrY5EfELVK1U5yScIeBYJZMBKWUISJVpqTmZVS0EeTtQ==",
            "content_md5": "a8b2ee17d535faecaeaa85c3bf9c0731",
            "content_sha1": "ece88ed1b7021dbcdfd79536444690f453fd358b",
            "content_sha256": "671864e740c645a34b7dd70e85eaf35575375fbe41739ee4b626eb6baae82c3c",
            "content_sha512": "c20632b8327e645ece5ef260ec6233f3fcd76a9e9445c8e5293d62027db1525aeb63911f10b54ad54e7249c21e058259301296508489569a93999552d04793b5",
            "directory_permission": "0777",
            "file_permission": "0777",
            "filename": "./arquivo-1.txt",
            "id": "ece88ed1b7021dbcdfd79536444690f453fd358b",
            "sensitive_content": null,
            "source": null
          },
          "sensitive_attributes": [
            [
              {
                "type": "get_attr",
                "value": "sensitive_content"
              }
            ]
          ]
        },
        {
          "index_key": 2,
          "schema_version": 0,
          "attributes": {
            "content": "This is file 2 content}",
            "content_base64": null,
            "content_base64sha256": "XR3GpuUY0mPJmHBX+VK9ChQnWrHuFnfW98Dbe3bgf1A=",
            "content_base64sha512": "a8WPfPM1EuOr5ZZQGASo7/4ZTjqeipSQaeyJBxK/+vGN/qdx2qwJF2rA6f64m9xHyWA3NZGZIkxFUwJph7yxxQ==",
            "content_md5": "08545535bfd16aaf4c29b212eb3cf9c7",
            "content_sha1": "fdacce951a03013117a066c15c9f2e8e42e7bf09",
            "content_sha256": "5d1dc6a6e518d263c9987057f952bd0a14275ab1ee1677d6f7c0db7b76e07f50",
            "content_sha512": "6bc58f7cf33512e3abe596501804a8effe194e3a9e8a949069ec890712bffaf18dfea771daac09176ac0e9feb89bdc47c96037359199224c4553026987bcb1c5",
            "directory_permission": "0777",
            "file_permission": "0777",
            "filename": "./arquivo-2.txt",
            "id": "fdacce951a03013117a066c15c9f2e8e42e7bf09",
            "sensitive_content": null,
            "source": null
          },
          "sensitive_attributes": [
            [
              {
                "type": "get_attr",
                "value": "sensitive_content"
              }
            ]
          ]
        },
        {
          "index_key": 3,
          "schema_version": 0,
          "attributes": {
            "content": "This is file 3 content}",
            "content_base64": null,
            "content_base64sha256": "9Ti+duc2UpkB+J+i7WnDBm2rH9w/63c66iHtCN5j6VY=",
            "content_base64sha512": "zVqI6hjIBfzK6z0dvQYDz73sQkDdyFIk6FYPviIZ3o+elkgPcl/BRHDTg325cmEUVaqn7u2FRfyiNDV9jmk7JA==",
            "content_md5": "72b0f41ef902ff5c71ee2a5161f7756d",
            "content_sha1": "3e3223b90c2ca56f699c65056fce8b7c0d4b5f46",
            "content_sha256": "f538be76e736529901f89fa2ed69c3066dab1fdc3feb773aea21ed08de63e956",
            "content_sha512": "cd5a88ea18c805fccaeb3d1dbd0603cfbdec4240ddc85224e8560fbe2219de8f9e96480f725fc14470d3837db972611455aaa7eeed8545fca234357d8e693b24",
            "directory_permission": "0777",
            "file_permission": "0777",
            "filename": "./arquivo-3.txt",
            "id": "3e3223b90c2ca56f699c65056fce8b7c0d4b5f46",
            "sensitive_content": null,
            "source": null
          },
          "sensitive_attributes": [
            [
              {
                "type": "get_attr",
                "value": "sensitive_content"
              }
            ]
          ]
        },
        {
          "index_key": 4,
          "schema_version": 0,
          "attributes": {
            "content": "This is file 4 content}",
            "content_base64": null,
            "content_base64sha256": "1WmT5OQSgFS+vcxDixZzpipibLjCSg3U8yQkMdivlfw=",
            "content_base64sha512": "kiQ/U1s1muP+4yKmi7ndAVeO/llF4a0eLDHPFG9Nhvh7CqI7jrGvRtJ25FTvr7TV0mGXuXyUElXEEUQct6IacQ==",
            "content_md5": "7a759d2e8d09928e8657575c7eba1c15",
            "content_sha1": "e431394e09abe127dceb8c51bb014ee733b61f53",
            "content_sha256": "d56993e4e4128054bebdcc438b1673a62a626cb8c24a0dd4f3242431d8af95fc",
            "content_sha512": "92243f535b359ae3fee322a68bb9dd01578efe5945e1ad1e2c31cf146f4d86f87b0aa23b8eb1af46d276e454efafb4d5d26197b97c941255c411441cb7a21a71",
            "directory_permission": "0777",
            "file_permission": "0777",
            "filename": "./arquivo-4.txt",
            "id": "e431394e09abe127dceb8c51bb014ee733b61f53",
            "sensitive_content": null,
            "source": null
          },
          "sensitive_attributes": [
            [
              {
                "type": "get_attr",
                "value": "sensitive_content"
              }
            ]
          ]
        },
        {
          "index_key": 5,
          "schema_version": 0,
          "attributes": {
            "content": "This is file 5 content}",
            "content_base64": null,
            "content_base64sha256": "XhpVFzttCqB5bOn/svFj21yEsVonEuuItN93Re7Hxyg=",
            "content_base64sha512": "sV5/YvCpqBRd8wRdzTnt0xWFvM2fqx3rbZ/QFOBAa2Ie/sCxO98A/l2zhdCxuWL2fYx1vD41Vt0qFF34HknTlA==",
            "content_md5": "6b6e94e2ab9974e3b41de122f1dc0712",
            "content_sha1": "10912aa63de0ee97c0a4d03ce61ba2b8cd5e0022",
            "content_sha256": "5e1a55173b6d0aa0796ce9ffb2f163db5c84b15a2712eb88b4df7745eec7c728",
            "content_sha512": "b15e7f62f0a9a8145df3045dcd39edd31585bccd9fab1deb6d9fd014e0406b621efec0b13bdf00fe5db385d0b1b962f67d8c75bc3e3556dd2a145df81e49d394",
            "directory_permission": "0777",
            "file_permission": "0777",
            "filename": "./arquivo-5.txt",
            "id": "10912aa63de0ee97c0a4d03ce61ba2b8cd5e0022",
            "sensitive_content": null,
            "source": null
          },
          "sensitive_attributes": [
            [
              {
                "type": "get_attr",
                "value": "sensitive_content"
              }
            ]
          ]
        },
        {
          "index_key": 6,
          "schema_version": 0,
          "attributes": {
            "content": "This is file 6 content}",
            "content_base64": null,
            "content_base64sha256": "F9Z3d+ZoTw/5A0Z5r5ZyKj0y/mr8Y5DNJjuvOXR6Il4=",
            "content_base64sha512": "LZxMVBHhjGe8y5o7MtzEr0a3fq78sOayQBBZgwdWXgkYizeiRZ5QuhJ1xfRBkTsB332o9fpuvDbrxctJS7n/Rg==",
            "content_md5": "4ebc7c16d74f40ee388beac7f04853d9",
            "content_sha1": "42367c8db49e711c6aa56e0e9b12c9e6cbbae777",
            "content_sha256": "17d67777e6684f0ff9034679af96722a3d32fe6afc6390cd263baf39747a225e",
            "content_sha512": "2d9c4c5411e18c67bccb9a3b32dcc4af46b77eaefcb0e6b24010598307565e09188b37a2459e50ba1275c5f441913b01df7da8f5fa6ebc36ebc5cb494bb9ff46",
            "directory_permission": "0777",
            "file_permission": "0777",
            "filename": "./arquivo-6.txt",
            "id": "42367c8db49e711c6aa56e0e9b12c9e6cbbae777",
            "sensitive_content": null,
            "source": null
          },
          "sensitive_attributes": [
            [
              {
                "type": "get_attr",
                "value": "sensitive_content"
              }
            ]
          ]
        },
        {
          "index_key": 7,
          "schema_version": 0,
          "attributes": {
            "content": "This is file 7 content}",
            "content_base64": null,
            "content_base64sha256": "dhsPip2+Hqd7HT7WtQmYBbFrLKWF82nlnw5Qi/kgJzY=",
            "content_base64sha512": "IhqYmYRBmopOb5EX0+2BK8uznmusjCzZDLIpe7NDI62TDeOcoTAKN3/2l64Dpwh3l8d/fZs+tHLBbqxKZf1xeQ==",
            "content_md5": "8a9b08ea58be6a89eb37849fa65f8fab",
            "content_sha1": "a8599a72447b0eeef94f04249f7c9bd13461e01a",
            "content_sha256": "761b0f8a9dbe1ea77b1d3ed6b5099805b16b2ca585f369e59f0e508bf9202736",
            "content_sha512": "221a989984419a8a4e6f9117d3ed812bcbb39e6bac8c2cd90cb2297bb34323ad930de39ca1300a377ff697ae03a7087797c77f7d9b3eb472c16eac4a65fd7179",
            "directory_permission": "0777",
            "file_permission": "0777",
            "filename": "./arquivo-7.txt",
            "id": "a8599a72447b0eeef94f04249f7c9bd13461e01a",
            "sensitive_content": null,
            "source": null
          },
          "sensitive_attributes": [
            [
              {
                "type": "get_attr",
                "value": "sensitive_content"
              }
            ]
          ]
        },
        {
          "index_key": 8,
          "schema_version": 0,
          "attributes": {
            "content": "This is file 8 content}",
            "content_base64": null,
            "content_base64sha256": "9Rt/E3pSUNuDho6wvfsmlnhabwCbP0mk8AaK7hiJFP4=",
            "content_base64sha512": "feXg2E7PK0K1Qq6osh57sfZ24f1ROR3h6pGoMioFSYvYOQNoBx6ojy8iDFnAXf06UJfOl2yio2H9kwQlk89E6A==",
            "content_md5": "3c4ca20a588d1f9bae70a21730a429a5",
            "content_sha1": "1b9e39f9d3458cdc39e726162d81e1d1b00d056d",
            "content_sha256": "f51b7f137a5250db83868eb0bdfb2696785a6f009b3f49a4f0068aee188914fe",
            "content_sha512": "7de5e0d84ecf2b42b542aea8b21e7bb1f676e1fd51391de1ea91a8322a05498bd8390368071ea88f2f220c59c05dfd3a5097ce976ca2a361fd93042593cf44e8",
            "directory_permission": "0777",
            "file_permission": "0777",
            "filename": "./arquivo-8.txt",
            "id": "1b9e39f9d3458cdc39e726162d81e1d1b00d056d",
            "sensitive_content": null,
            "source": null
          },
          "sensitive_attributes": [
            [
              {
                "type": "get_attr",
                "value": "sensitive_content"
              }
            ]
          ]
        },
        {
          "index_key": 9,
          "schema_version": 0,
          "attributes": {
            "content": "This is file 9 content}",
            "content_base64": null,
            "content_base64sha256": "yeRiDGgF7SMZQ1oowV20/Ddgln3dpCS1gBy+9zew4/o=",
            "content_base64sha512": "0KgAhZt//SnnC3PHjvbxKAChgavENUUmOYp516y3PwFthIduDlCcSLIdZUdUjFQxPEOCMz02RGBsIFM8hif2bQ==",
            "content_md5": "b404fb3e53dd62f920d6d2f4a484fa8e",
            "content_sha1": "79ddb03a82630f513a7af605d1dc3e0855d9f33a",
            "content_sha256": "c9e4620c6805ed2319435a28c15db4fc3760967ddda424b5801cbef737b0e3fa",
            "content_sha512": "d0a800859b7ffd29e70b73c78ef6f12800a181abc4354526398a79d7acb73f016d84876e0e509c48b21d6547548c54313c4382333d3644606c20533c8627f66d",
            "directory_permission": "0777",
            "file_permission": "0777",
            "filename": "./arquivo-9.txt",
            "id": "79ddb03a82630f513a7af605d1dc3e0855d9f33a",
            "sensitive_content": null,
            "source": null
          },
          "sensitive_attributes": [
            [
              {
                "type": "get_attr",
                "value": "sensitive_content"
              }
            ]
          ]
        }
      ]
    }
  ],
  "check_results": null
}
