{
  "version": 4,
  "terraform_version": "1.10.5",
  "serial": 14,
  "lineage": "3fa96234-4a9d-1cf6-0706-c0e6ba1c7498",
  "outputs": {},
  "resources": [
    {
      "mode": "managed",
      "type": "local_file",
      "name": "file",
      "provider": "provider[\"registry.terraform.io/hashicorp/local\"]",
      "instances": [
        {
          "schema_version": 0,
          "attributes": {
            "content": "This is file 1 content}",
            "content_base64": null,
            "content_base64sha256": "Zxhk50DGRaNLfdcOherzVXU3X75Bc57ktibra6roLDw=",
            "content_base64sha512": "wgYyuDJ+ZF7OXvJg7GIz8/zXap6URcjlKT1iAn2xUlrrY5EfELVK1U5yScIeBYJZMBKWUISJVpqTmZVS0EeTtQ==",
            "content_md5": "a8b2ee17d535faecaeaa85c3bf9c0731",
            "content_sha1": "ece88ed1b7021dbcdfd79536444690f453fd358b",
            "content_sha256": "671864e740c645a34b7dd70e85eaf35575375fbe41739ee4b626eb6baae82c3c",
            "content_sha512": "c20632b8327e645ece5ef260ec6233f3fcd76a9e9445c8e5293d62027db1525aeb63911f10b54ad54e7249c21e058259301296508489569a93999552d04793b5",
            "directory_permission": "0777",
            "file_permission": "0777",
            "filename": "./arquivo1.txt",
            "id": "ece88ed1b7021dbcdfd79536444690f453fd358b",
            "sensitive_content": null,
            "source": null
          },
          "sensitive_attributes": [
            [
              {
                "type": "get_attr",
                "value": "sensitive_content"
              }
            ]
          ],
          "dependencies": [
            "local_file.other_file"
          ]
        }
      ]
    },
    {
      "mode": "managed",
      "type": "local_file",
      "name": "other_file",
      "provider": "provider[\"registry.terraform.io/hashicorp/local\"]",
      "instances": [
        {
          "schema_version": 0,
          "attributes": {
            "content": "This is file 2 content}",
            "content_base64": null,
            "content_base64sha256": "XR3GpuUY0mPJmHBX+VK9ChQnWrHuFnfW98Dbe3bgf1A=",
            "content_base64sha512": "a8WPfPM1EuOr5ZZQGASo7/4ZTjqeipSQaeyJBxK/+vGN/qdx2qwJF2rA6f64m9xHyWA3NZGZIkxFUwJph7yxxQ==",
            "content_md5": "08545535bfd16aaf4c29b212eb3cf9c7",
            "content_sha1": "fdacce951a03013117a066c15c9f2e8e42e7bf09",
            "content_sha256": "5d1dc6a6e518d263c9987057f952bd0a14275ab1ee1677d6f7c0db7b76e07f50",
            "content_sha512": "6bc58f7cf33512e3abe596501804a8effe194e3a9e8a949069ec890712bffaf18dfea771daac09176ac0e9feb89bdc47c96037359199224c4553026987bcb1c5",
            "directory_permission": "0777",
            "file_permission": "0777",
            "filename": "./arquivo2.txt",
            "id": "fdacce951a03013117a066c15c9f2e8e42e7bf09",
            "sensitive_content": null,
            "source": null
          },
          "sensitive_attributes": [
            [
              {
                "type": "get_attr",
                "value": "sensitive_content"
              }
            ]
          ]
        }
      ]
    }
  ],
  "check_results": null
}
