{
  "version": 4,
  "terraform_version": "1.10.5",
  "serial": 16,
  "lineage": "6111c750-7b38-dcda-6065-b171be0e0c82",
  "outputs": {},
  "resources": [
    {
      "mode": "managed",
      "type": "local_file",
      "name": "arquivo_list",
      "provider": "provider[\"registry.terraform.io/hashicorp/local\"]",
      "instances": [
        {
          "schema_version": 0,
          "attributes": {
            "content": "Os nomes definidos foram maquina10, maquina11",
            "content_base64": null,
            "content_base64sha256": "FUua87x4Rdmm/ctVz28wF4EE6G57wPaXUizKmfBOEu8=",
            "content_base64sha512": "G+C8bUV1aWAELqtfOtS4MWbxzG2LI+3OuknRIBByXTVOEGs5bk14vgcMAL35J18kjS1XxTvLSQtxon5VJ4Gxag==",
            "content_md5": "765cc7ee47e9b8a9be0261d245ace9a7",
            "content_sha1": "977a70b89b21fde196097415d93428429651bea1",
            "content_sha256": "154b9af3bc7845d9a6fdcb55cf6f30178104e86e7bc0f697522cca99f04e12ef",
            "content_sha512": "1be0bc6d45756960042eab5f3ad4b83166f1cc6d8b23edceba49d12010725d354e106b396e4d78be070c00bdf9275f248d2d57c53bcb490b71a27e552781b16a",
            "directory_permission": "0777",
            "file_permission": "0777",
            "filename": "arquivo-list.txt",
            "id": "977a70b89b21fde196097415d93428429651bea1",
            "sensitive_content": null,
            "source": null
          },
          "sensitive_attributes": [
            [
              {
                "type": "get_attr",
                "value": "sensitive_content"
              }
            ]
          ]
        }
      ]
    },
    {
      "mode": "managed",
      "type": "local_file",
      "name": "arquivo_string",
      "provider": "provider[\"registry.terraform.io/hashicorp/local\"]",
      "instances": [
        {
          "schema_version": 0,
          "attributes": {
            "content": "'teste de variavel com linha de comando",
            "content_base64": null,
            "content_base64sha256": "eKB5M4UpiTFPvJ9zAJ2cEINxWRYyWqk1fWGeZKEaPHc=",
            "content_base64sha512": "6IAwXgwGTkQqmUrpRes7U43aZKO/OYj72hAJN6TimaQ31Xs7KOMPPygMZvflMFbrokEunmbD2vSGGoqCT5wv6w==",
            "content_md5": "254972057271b9b9de4a278b2d90b850",
            "content_sha1": "90ef6708d4ef3d388d2de9f2707b4ba7d1de8606",
            "content_sha256": "78a07933852989314fbc9f73009d9c1083715916325aa9357d619e64a11a3c77",
            "content_sha512": "e880305e0c064e442a994ae945eb3b538dda64a3bf3988fbda100937a4e299a437d57b3b28e30f3f280c66f7e53056eba2412e9e66c3daf4861a8a824f9c2feb",
            "directory_permission": "0777",
            "file_permission": "0777",
            "filename": "arquivo-string.txt",
            "id": "90ef6708d4ef3d388d2de9f2707b4ba7d1de8606",
            "sensitive_content": null,
            "source": null
          },
          "sensitive_attributes": [
            [
              {
                "type": "get_attr",
                "value": "sensitive_content"
              }
            ]
          ]
        }
      ]
    }
  ],
  "check_results": null
}
