{
  "version": 4,
  "terraform_version": "1.10.5",
  "serial": 11,
  "lineage": "6111c750-7b38-dcda-6065-b171be0e0c82",
  "outputs": {},
  "resources": [
    {
      "mode": "managed",
      "type": "local_file",
      "name": "arquivo_list",
      "provider": "provider[\"registry.terraform.io/hashicorp/local\"]",
      "instances": [
        {
          "schema_version": 0,
          "attributes": {
            "content": "Os nomes definidos foram Machina05, Machina07",
            "content_base64": null,
            "content_base64sha256": "4yNSKOj3SrEArcj1zW2p/3glZ/GP6/89NG2TP1H97C8=",
            "content_base64sha512": "WIyY3qELe7VUwpG+g3t26EYXGD9upOutXjM9SgjT3b62/M3YCdAG8z4o99z10ygpFn9vAp2h7O+/oTyA7RQN5w==",
            "content_md5": "fdbad2df1fbf8dd3d12bd4a101332b81",
            "content_sha1": "9a8e0b1178dd820d77b28547ac2295b4dbced3e2",
            "content_sha256": "e3235228e8f74ab100adc8f5cd6da9ff782567f18febff3d346d933f51fdec2f",
            "content_sha512": "588c98dea10b7bb554c291be837b76e84617183f6ea4ebad5e333d4a08d3ddbeb6fccdd809d006f33e28f7dcf5d32829167f6f029da1ecefbfa13c80ed140de7",
            "directory_permission": "0777",
            "file_permission": "0777",
            "filename": "arquivo-list.txt",
            "id": "9a8e0b1178dd820d77b28547ac2295b4dbced3e2",
            "sensitive_content": null,
            "source": null
          },
          "sensitive_attributes": [
            [
              {
                "type": "get_attr",
                "value": "sensitive_content"
              }
            ]
          ]
        }
      ]
    },
    {
      "mode": "managed",
      "type": "local_file",
      "name": "arquivo_string",
      "provider": "provider[\"registry.terraform.io/hashicorp/local\"]",
      "instances": [
        {
          "schema_version": 0,
          "attributes": {
            "content": "teste de variaveis com arquivo",
            "content_base64": null,
            "content_base64sha256": "Vwsnasxt4Rejy2xV/63MQX6qJZpV39xjDWUdyryxq1s=",
            "content_base64sha512": "u7OyuGSMSUSEy3AHXAVBrHsFJbkbqrFvPDey8fmcjoYp2zwT4w82lALhPkCzdcriYuLFWwHhnV8dDcAuGjzwaA==",
            "content_md5": "5d9c722205e92e3d9501b87e1283c0d2",
            "content_sha1": "be5615037e3bc573c4f6970b93addfcb5954d39d",
            "content_sha256": "570b276acc6de117a3cb6c55ffadcc417eaa259a55dfdc630d651dcabcb1ab5b",
            "content_sha512": "bbb3b2b8648c494484cb70075c0541ac7b0525b91baab16f3c37b2f1f99c8e8629db3c13e30f369402e13e40b375cae262e2c55b01e19d5f1d0dc02e1a3cf068",
            "directory_permission": "0777",
            "file_permission": "0777",
            "filename": "arquivo-string.txt",
            "id": "be5615037e3bc573c4f6970b93addfcb5954d39d",
            "sensitive_content": null,
            "source": null
          },
          "sensitive_attributes": [
            [
              {
                "type": "get_attr",
                "value": "sensitive_content"
              }
            ]
          ]
        }
      ]
    }
  ],
  "check_results": null
}
